
Microsoft Visual Studio Solution File, Format Version 12.00
# Visual Studio Version 17
VisualStudioVersion = 17.4.33403.182
MinimumVisualStudioVersion = 10.0.40219.1
Project("{FAE04EC0-301F-11D3-BF4B-00C04F79EFBC}") = "ZayShop", "ZayShop\ZayShop.csproj", "{901C02CE-F017-4FA6-8F8E-30E5ECCCD37D}"
EndProject
Global
	GlobalSection(SolutionConfigurationPlatforms) = preSolution
		Debug|Any CPU = Debug|Any CPU
		Release|Any CPU = Release|Any CPU
	EndGlobalSection
	GlobalSection(ProjectConfigurationPlatforms) = postSolution
		{901C02CE-F017-4FA6-8F8E-30E5ECCCD37D}.Debug|Any CPU.ActiveCfg = Debug|Any CPU
		{901C02CE-F017-4FA6-8F8E-30E5ECCCD37D}.Debug|Any CPU.Build.0 = Debug|Any CPU
		{901C02CE-F017-4FA6-8F8E-30E5ECCCD37D}.Release|Any CPU.ActiveCfg = Release|Any CPU
		{901C02CE-F017-4FA6-8F8E-30E5ECCCD37D}.Release|Any CPU.Build.0 = Release|Any CPU
	EndGlobalSection
	GlobalSection(SolutionProperties) = preSolution
		HideSolutionNode = FALSE
	EndGlobalSection
	GlobalSection(ExtensibilityGlobals) = postSolution
		SolutionGuid = {734942CB-61C0-48AD-ACF4-57467CCA4311}
	EndGlobalSection
EndGlobal
